
Microsoft Visual Studio Solution File, Format Version 12.00
# Visual Studio Version 17
VisualStudioVersion = 17.11.35222.181
MinimumVisualStudioVersion = 10.0.40219.1
Project("{FAE04EC0-301F-11D3-BF4B-00C04F79EFBC}") = "lr10", "lr10.csproj", "{E9F92950-9640-4557-B8C8-DD0E8BFFB487}"
EndProject
Global
	GlobalSection(SolutionConfigurationPlatforms) = preSolution
		Debug|Any CPU = Debug|Any CPU
		Release|Any CPU = Release|Any CPU
	EndGlobalSection
	GlobalSection(ProjectConfigurationPlatforms) = postSolution
		{E9F92950-9640-4557-B8C8-DD0E8BFFB487}.Debug|Any CPU.ActiveCfg = Debug|Any CPU
		{E9F92950-9640-4557-B8C8-DD0E8BFFB487}.Debug|Any CPU.Build.0 = Debug|Any CPU
		{E9F92950-9640-4557-B8C8-DD0E8BFFB487}.Release|Any CPU.ActiveCfg = Release|Any CPU
		{E9F92950-9640-4557-B8C8-DD0E8BFFB487}.Release|Any CPU.Build.0 = Release|Any CPU
	EndGlobalSection
	GlobalSection(SolutionProperties) = preSolution
		HideSolutionNode = FALSE
	EndGlobalSection
	GlobalSection(ExtensibilityGlobals) = postSolution
		SolutionGuid = {82667DB7-2120-4F3B-BDE7-030BD605788D}
	EndGlobalSection
EndGlobal
